PODS:
  - CocoaLumberjack (2.0.0-beta):
    - CocoaLumberjack/CLI
    - CocoaLumberjack/Core
    - CocoaLumberjack/Extensions
  - CocoaLumberjack/CLI (2.0.0-beta):
    - CocoaLumberjack/Core
  - CocoaLumberjack/Core (2.0.0-beta)
  - CocoaLumberjack/Extensions (2.0.0-beta):
    - CocoaLumberjack/Core
  - FXForms (1.1.6)
  - HexColors (2.2.1)
  - SIAlertView (1.3)
  - TSMessages (0.9.9):
    - HexColors

DEPENDENCIES:
  - CocoaLumberjack
  - FXForms
  - SIAlertView
  - TSMessages

SPEC CHECKSUMS:
  CocoaLumberjack: aadc76d7bd6c839ca84b38ed50cbf89d7cf8c693
  FXForms: 9387c60ee6f3e1c75e0f8998012acc1ce0ad8d0a
  HexColors: 01384d2bbe8dc4ffa43c3b4135db6e976952d153
  SIAlertView: d00609a1faa9d82f17b9f0b4eede64e84a577b10
  TSMessages: 2999ef55e532378692e9d14d32da2bb60e285129

COCOAPODS: 0.33.1
