// !$*UTF8*$!
{
	archiveVersion = 1;
	classes = {
	};
	objectVersion = 46;
	objects = {

/* Begin PBXAggregateTarget section */
		B19B652719A52F2400EDEFFA /* Mogenerator */ = {
			isa = PBXAggregateTarget;
			buildConfigurationList = B19B652819A52F2400EDEFFA /* Build configuration list for PBXAggregateTarget "Mogenerator" */;
			buildPhases = (
				B19B652B19A52F3000EDEFFA /* ShellScript */,
			);
			dependencies = (
			);
			name = Mogenerator;
			productName = Mogenerator;
		};
/* End PBXAggregateTarget section */

/* Begin PBXBuildFile section */
		514280F4A77A468BB22C95A9 /* libPods.a in Frameworks */ = {isa = PBXBuildFile; fileRef = 65955AF44FFD48B0A51F2D58 /* libPods.a */; };
		B19B652219A52D9700EDEFFA /* Reeder.xcdatamodeld in Sources */ = {isa = PBXBuildFile; fileRef = B19B652019A52D9700EDEFFA /* Reeder.xcdatamodeld */; };
		B19B653819A52F5E00EDEFFA /* _ReadingCollectionItem.m in Sources */ = {isa = PBXBuildFile; fileRef = B19B652D19A52F5E00EDEFFA /* _ReadingCollectionItem.m */; };
		B19B653919A52F5E00EDEFFA /* _ReadingLog.m in Sources */ = {isa = PBXBuildFile; fileRef = B19B652F19A52F5E00EDEFFA /* _ReadingLog.m */; };
		B19B653A19A52F5E00EDEFFA /* _ReadingLogTag.m in Sources */ = {isa = PBXBuildFile; fileRef = B19B653119A52F5E00EDEFFA /* _ReadingLogTag.m */; };
		B19B653B19A52F5E00EDEFFA /* ReadingCollectionItem.m in Sources */ = {isa = PBXBuildFile; fileRef = B19B653319A52F5E00EDEFFA /* ReadingCollectionItem.m */; };
		B19B653C19A52F5E00EDEFFA /* ReadingLog.m in Sources */ = {isa = PBXBuildFile; fileRef = B19B653519A52F5E00EDEFFA /* ReadingLog.m */; };
		B19B653D19A52F5E00EDEFFA /* ReadingLogTag.m in Sources */ = {isa = PBXBuildFile; fileRef = B19B653719A52F5E00EDEFFA /* ReadingLogTag.m */; };
		B19B654419A530BE00EDEFFA /* _ReadingCollectionItemTag.m in Sources */ = {isa = PBXBuildFile; fileRef = B19B654119A530BE00EDEFFA /* _ReadingCollectionItemTag.m */; };
		B19B654519A530BE00EDEFFA /* ReadingCollectionItemTag.m in Sources */ = {isa = PBXBuildFile; fileRef = B19B654319A530BE00EDEFFA /* ReadingCollectionItemTag.m */; };
		B19B655419A535AA00EDEFFA /* Author.m in Sources */ = {isa = PBXBuildFile; fileRef = B19B654719A535AA00EDEFFA /* Author.m */; };
		B19B655519A535AA00EDEFFA /* AuthorTag.m in Sources */ = {isa = PBXBuildFile; fileRef = B19B654919A535AA00EDEFFA /* AuthorTag.m */; };
		B19B655619A535AA00EDEFFA /* Book.m in Sources */ = {isa = PBXBuildFile; fileRef = B19B654B19A535AA00EDEFFA /* Book.m */; };
		B19B655719A535AA00EDEFFA /* BookLog.m in Sources */ = {isa = PBXBuildFile; fileRef = B19B654D19A535AA00EDEFFA /* BookLog.m */; };
		B19B655819A535AA00EDEFFA /* EBook.m in Sources */ = {isa = PBXBuildFile; fileRef = B19B654F19A535AA00EDEFFA /* EBook.m */; };
		B19B655919A535AA00EDEFFA /* EBookChapter.m in Sources */ = {isa = PBXBuildFile; fileRef = B19B655119A535AA00EDEFFA /* EBookChapter.m */; };
		B19B655A19A535AA00EDEFFA /* EBookLog.m in Sources */ = {isa = PBXBuildFile; fileRef = B19B655319A535AA00EDEFFA /* EBookLog.m */; };
		B19B656919A535B700EDEFFA /* _Author.m in Sources */ = {isa = PBXBuildFile; fileRef = B19B655C19A535B700EDEFFA /* _Author.m */; };
		B19B656A19A535B700EDEFFA /* _AuthorTag.m in Sources */ = {isa = PBXBuildFile; fileRef = B19B655E19A535B700EDEFFA /* _AuthorTag.m */; };
		B19B656B19A535B700EDEFFA /* _Book.m in Sources */ = {isa = PBXBuildFile; fileRef = B19B656019A535B700EDEFFA /* _Book.m */; };
		B19B656C19A535B700EDEFFA /* _BookLog.m in Sources */ = {isa = PBXBuildFile; fileRef = B19B656219A535B700EDEFFA /* _BookLog.m */; };
		B19B656D19A535B700EDEFFA /* _EBook.m in Sources */ = {isa = PBXBuildFile; fileRef = B19B656419A535B700EDEFFA /* _EBook.m */; };
		B19B656E19A535B700EDEFFA /* _EBookChapter.m in Sources */ = {isa = PBXBuildFile; fileRef = B19B656619A535B700EDEFFA /* _EBookChapter.m */; };
		B19B656F19A535B700EDEFFA /* _EBookLog.m in Sources */ = {isa = PBXBuildFile; fileRef = B19B656819A535B700EDEFFA /* _EBookLog.m */; };
		B19B657219A5368D00EDEFFA /* ReadingLogTableViewController.m in Sources */ = {isa = PBXBuildFile; fileRef = B19B657119A5368D00EDEFFA /* ReadingLogTableViewController.m */; };
		B19B657719A538D500EDEFFA /* CollectionTableViewController.m in Sources */ = {isa = PBXBuildFile; fileRef = B19B657619A538D500EDEFFA /* CollectionTableViewController.m */; };
		B19B65B619A53B0C00EDEFFA /* MagicalImportFunctions.m in Sources */ = {isa = PBXBuildFile; fileRef = B19B657C19A53B0C00EDEFFA /* MagicalImportFunctions.m */; };
		B19B65B719A53B0C00EDEFFA /* NSAttributeDescription+MagicalDataImport.m in Sources */ = {isa = PBXBuildFile; fileRef = B19B657E19A53B0C00EDEFFA /* NSAttributeDescription+MagicalDataImport.m */; };
		B19B65B819A53B0C00EDEFFA /* NSEntityDescription+MagicalDataImport.m in Sources */ = {isa = PBXBuildFile; fileRef = B19B658019A53B0C00EDEFFA /* NSEntityDescription+MagicalDataImport.m */; };
		B19B65B919A53B0C00EDEFFA /* NSNumber+MagicalDataImport.m in Sources */ = {isa = PBXBuildFile; fileRef = B19B658219A53B0C00EDEFFA /* NSNumber+MagicalDataImport.m */; };
		B19B65BA19A53B0C00EDEFFA /* NSObject+MagicalDataImport.m in Sources */ = {isa = PBXBuildFile; fileRef = B19B658419A53B0C00EDEFFA /* NSObject+MagicalDataImport.m */; };
		B19B65BB19A53B0C00EDEFFA /* NSRelationshipDescription+MagicalDataImport.m in Sources */ = {isa = PBXBuildFile; fileRef = B19B658619A53B0C00EDEFFA /* NSRelationshipDescription+MagicalDataImport.m */; };
		B19B65BC19A53B0C00EDEFFA /* NSString+MagicalDataImport.m in Sources */ = {isa = PBXBuildFile; fileRef = B19B658819A53B0C00EDEFFA /* NSString+MagicalDataImport.m */; };
		B19B65BD19A53B0C00EDEFFA /* NSManagedObject+MagicalAggregation.m in Sources */ = {isa = PBXBuildFile; fileRef = B19B658B19A53B0C00EDEFFA /* NSManagedObject+MagicalAggregation.m */; };
		B19B65BE19A53B0C00EDEFFA /* NSManagedObject+MagicalDataImport.m in Sources */ = {isa = PBXBuildFile; fileRef = B19B658D19A53B0C00EDEFFA /* NSManagedObject+MagicalDataImport.m */; };
		B19B65BF19A53B0C00EDEFFA /* NSManagedObject+MagicalFinders.m in Sources */ = {isa = PBXBuildFile; fileRef = B19B658F19A53B0C00EDEFFA /* NSManagedObject+MagicalFinders.m */; };
		B19B65C019A53B0C00EDEFFA /* NSManagedObject+MagicalRecord.m in Sources */ = {isa = PBXBuildFile; fileRef = B19B659119A53B0C00EDEFFA /* NSManagedObject+MagicalRecord.m */; };
		B19B65C119A53B0C00EDEFFA /* NSManagedObject+MagicalRequests.m in Sources */ = {isa = PBXBuildFile; fileRef = B19B659319A53B0C00EDEFFA /* NSManagedObject+MagicalRequests.m */; };
		B19B65C219A53B0C00EDEFFA /* NSManagedObjectContext+MagicalObserving.m in Sources */ = {isa = PBXBuildFile; fileRef = B19B659619A53B0C00EDEFFA /* NSManagedObjectContext+MagicalObserving.m */; };
		B19B65C319A53B0C00EDEFFA /* NSManagedObjectContext+MagicalRecord.m in Sources */ = {isa = PBXBuildFile; fileRef = B19B659819A53B0C00EDEFFA /* NSManagedObjectContext+MagicalRecord.m */; };
		B19B65C419A53B0C00EDEFFA /* NSManagedObjectContext+MagicalSaves.m in Sources */ = {isa = PBXBuildFile; fileRef = B19B659A19A53B0C00EDEFFA /* NSManagedObjectContext+MagicalSaves.m */; };
		B19B65C519A53B0C00EDEFFA /* NSManagedObjectContext+MagicalThreading.m in Sources */ = {isa = PBXBuildFile; fileRef = B19B659C19A53B0C00EDEFFA /* NSManagedObjectContext+MagicalThreading.m */; };
		B19B65C619A53B0C00EDEFFA /* NSManagedObjectModel+MagicalRecord.m in Sources */ = {isa = PBXBuildFile; fileRef = B19B659E19A53B0C00EDEFFA /* NSManagedObjectModel+MagicalRecord.m */; };
		B19B65C719A53B0C00EDEFFA /* NSPersistentStore+MagicalRecord.m in Sources */ = {isa = PBXBuildFile; fileRef = B19B65A019A53B0C00EDEFFA /* NSPersistentStore+MagicalRecord.m */; };
		B19B65C819A53B0C00EDEFFA /* NSPersistentStoreCoordinator+MagicalRecord.m in Sources */ = {isa = PBXBuildFile; fileRef = B19B65A219A53B0C00EDEFFA /* NSPersistentStoreCoordinator+MagicalRecord.m */; };
		B19B65C919A53B0C00EDEFFA /* MagicalRecord+Actions.m in Sources */ = {isa = PBXBuildFile; fileRef = B19B65A519A53B0C00EDEFFA /* MagicalRecord+Actions.m */; };
		B19B65CA19A53B0C00EDEFFA /* MagicalRecord+ErrorHandling.m in Sources */ = {isa = PBXBuildFile; fileRef = B19B65A719A53B0C00EDEFFA /* MagicalRecord+ErrorHandling.m */; };
		B19B65CB19A53B0C00EDEFFA /* MagicalRecord+iCloud.m in Sources */ = {isa = PBXBuildFile; fileRef = B19B65A919A53B0C00EDEFFA /* MagicalRecord+iCloud.m */; };
		B19B65CC19A53B0C00EDEFFA /* MagicalRecord+Options.m in Sources */ = {isa = PBXBuildFile; fileRef = B19B65AB19A53B0C00EDEFFA /* MagicalRecord+Options.m */; };
		B19B65CD19A53B0C00EDEFFA /* MagicalRecord+Setup.m in Sources */ = {isa = PBXBuildFile; fileRef = B19B65AD19A53B0C00EDEFFA /* MagicalRecord+Setup.m */; };
		B19B65CE19A53B0C00EDEFFA /* MagicalRecord+ShorthandSupport.m in Sources */ = {isa = PBXBuildFile; fileRef = B19B65AF19A53B0C00EDEFFA /* MagicalRecord+ShorthandSupport.m */; };
		B19B65CF19A53B0C00EDEFFA /* MagicalRecord.m in Sources */ = {isa = PBXBuildFile; fileRef = B19B65B119A53B0C00EDEFFA /* MagicalRecord.m */; };
		B19B65D419A53B9100EDEFFA /* ArrayDataSource.m in Sources */ = {isa = PBXBuildFile; fileRef = B19B65D119A53B9100EDEFFA /* ArrayDataSource.m */; };
		B19B65D519A53B9100EDEFFA /* NSFetchedResultsControllerDataSource.m in Sources */ = {isa = PBXBuildFile; fileRef = B19B65D319A53B9100EDEFFA /* NSFetchedResultsControllerDataSource.m */; };
		B19B65D819A53B9F00EDEFFA /* NSFetchedResultsTableViewController.m in Sources */ = {isa = PBXBuildFile; fileRef = B19B65D719A53B9F00EDEFFA /* NSFetchedResultsTableViewController.m */; };
		B19B65DD19A563B500EDEFFA /* UIImage+IO.m in Sources */ = {isa = PBXBuildFile; fileRef = B19B65DC19A563B500EDEFFA /* UIImage+IO.m */; };
		B1ED5BB319941EFA001FF3E4 /* Foundation.framework in Frameworks */ = {isa = PBXBuildFile; fileRef = B1ED5BB219941EFA001FF3E4 /* Foundation.framework */; };
		B1ED5BB519941EFA001FF3E4 /* CoreGraphics.framework in Frameworks */ = {isa = PBXBuildFile; fileRef = B1ED5BB419941EFA001FF3E4 /* CoreGraphics.framework */; };
		B1ED5BB719941EFA001FF3E4 /* UIKit.framework in Frameworks */ = {isa = PBXBuildFile; fileRef = B1ED5BB619941EFA001FF3E4 /* UIKit.framework */; };
		B1ED5BBD19941EFA001FF3E4 /* InfoPlist.strings in Resources */ = {isa = PBXBuildFile; fileRef = B1ED5BBB19941EFA001FF3E4 /* InfoPlist.strings */; };
		B1ED5BBF19941EFA001FF3E4 /* main.m in Sources */ = {isa = PBXBuildFile; fileRef = B1ED5BBE19941EFA001FF3E4 /* main.m */; };
		B1ED5BC319941EFA001FF3E4 /* ReederAppDelegate.m in Sources */ = {isa = PBXBuildFile; fileRef = B1ED5BC219941EFA001FF3E4 /* ReederAppDelegate.m */; };
		B1ED5BC619941EFA001FF3E4 /* Main_iPhone.storyboard in Resources */ = {isa = PBXBuildFile; fileRef = B1ED5BC419941EFA001FF3E4 /* Main_iPhone.storyboard */; };
		B1ED5BC919941EFA001FF3E4 /* Main_iPad.storyboard in Resources */ = {isa = PBXBuildFile; fileRef = B1ED5BC719941EFA001FF3E4 /* Main_iPad.storyboard */; };
		B1ED5BCE19941EFA001FF3E4 /* Images.xcassets in Resources */ = {isa = PBXBuildFile; fileRef = B1ED5BCD19941EFA001FF3E4 /* Images.xcassets */; };
		B1ED5BD519941EFA001FF3E4 /* XCTest.framework in Frameworks */ = {isa = PBXBuildFile; fileRef = B1ED5BD419941EFA001FF3E4 /* XCTest.framework */; };
		B1ED5BD619941EFA001FF3E4 /* Foundation.framework in Frameworks */ = {isa = PBXBuildFile; fileRef = B1ED5BB219941EFA001FF3E4 /* Foundation.framework */; };
		B1ED5BD719941EFA001FF3E4 /* UIKit.framework in Frameworks */ = {isa = PBXBuildFile; fileRef = B1ED5BB619941EFA001FF3E4 /* UIKit.framework */; };
		B1ED5BDF19941EFA001FF3E4 /* InfoPlist.strings in Resources */ = {isa = PBXBuildFile; fileRef = B1ED5BDD19941EFA001FF3E4 /* InfoPlist.strings */; };
		B1ED5BE119941EFA001FF3E4 /* ReederTests.m in Sources */ = {isa = PBXBuildFile; fileRef = B1ED5BE019941EFA001FF3E4 /* ReederTests.m */; };
/* End PBXBuildFile section */

/* Begin PBXContainerItemProxy section */
		B1ED5BD819941EFA001FF3E4 /* PBXContainerItemProxy */ = {
			isa = PBXContainerItemProxy;
			containerPortal = B1ED5BA719941EFA001FF3E4 /* Project object */;
			proxyType = 1;
			remoteGlobalIDString = B1ED5BAE19941EFA001FF3E4;
			remoteInfo = Reeder;
		};
/* End PBXContainerItemProxy section */

/* Begin PBXFileReference section */
		052CE53FE93E4B6C96C43EC2 /* Pods.xcconfig */ = {isa = PBXFileReference; includeInIndex = 1; lastKnownFileType = text.xcconfig; name = Pods.xcconfig; path = Pods/Pods.xcconfig; sourceTree = "<group>"; };
		65955AF44FFD48B0A51F2D58 /* libPods.a */ = {isa = PBXFileReference; explicitFileType = archive.ar; includeInIndex = 0; path = libPods.a; sourceTree = BUILT_PRODUCTS_DIR; };
		B19B652119A52D9700EDEFFA /* Reeder.xcdatamodel */ = {isa = PBXFileReference; lastKnownFileType = wrapper.xcdatamodel; path = Reeder.xcdatamodel; sourceTree = "<group>"; };
		B19B652C19A52F5E00EDEFFA /* _ReadingCollectionItem.h */ = {isa = PBXFileReference; fileEncoding = 4; lastKnownFileType = sourcecode.c.h; path = _ReadingCollectionItem.h; sourceTree = "<group>"; };
		B19B652D19A52F5E00EDEFFA /* _ReadingCollectionItem.m */ = {isa = PBXFileReference; fileEncoding = 4; lastKnownFileType = sourcecode.c.objc; path = _ReadingCollectionItem.m; sourceTree = "<group>"; };
		B19B652E19A52F5E00EDEFFA /* _ReadingLog.h */ = {isa = PBXFileReference; fileEncoding = 4; lastKnownFileType = sourcecode.c.h; path = _ReadingLog.h; sourceTree = "<group>"; };
		B19B652F19A52F5E00EDEFFA /* _ReadingLog.m */ = {isa = PBXFileReference; fileEncoding = 4; lastKnownFileType = sourcecode.c.objc; path = _ReadingLog.m; sourceTree = "<group>"; };
		B19B653019A52F5E00EDEFFA /* _ReadingLogTag.h */ = {isa = PBXFileReference; fileEncoding = 4; lastKnownFileType = sourcecode.c.h; path = _ReadingLogTag.h; sourceTree = "<group>"; };
		B19B653119A52F5E00EDEFFA /* _ReadingLogTag.m */ = {isa = PBXFileReference; fileEncoding = 4; lastKnownFileType = sourcecode.c.objc; path = _ReadingLogTag.m; sourceTree = "<group>"; };
		B19B653219A52F5E00EDEFFA /* ReadingCollectionItem.h */ = {isa = PBXFileReference; fileEncoding = 4; lastKnownFileType = sourcecode.c.h; path = ReadingCollectionItem.h; sourceTree = "<group>"; };
		B19B653319A52F5E00EDEFFA /* ReadingCollectionItem.m */ = {isa = PBXFileReference; fileEncoding = 4; lastKnownFileType = sourcecode.c.objc; path = ReadingCollectionItem.m; sourceTree = "<group>"; };
		B19B653419A52F5E00EDEFFA /* ReadingLog.h */ = {isa = PBXFileReference; fileEncoding = 4; lastKnownFileType = sourcecode.c.h; path = ReadingLog.h; sourceTree = "<group>"; };
		B19B653519A52F5E00EDEFFA /* ReadingLog.m */ = {isa = PBXFileReference; fileEncoding = 4; lastKnownFileType = sourcecode.c.objc; path = ReadingLog.m; sourceTree = "<group>"; };
		B19B653619A52F5E00EDEFFA /* ReadingLogTag.h */ = {isa = PBXFileReference; fileEncoding = 4; lastKnownFileType = sourcecode.c.h; path = ReadingLogTag.h; sourceTree = "<group>"; };
		B19B653719A52F5E00EDEFFA /* ReadingLogTag.m */ = {isa = PBXFileReference; fileEncoding = 4; lastKnownFileType = sourcecode.c.objc; path = ReadingLogTag.m; sourceTree = "<group>"; };
		B19B654019A530BE00EDEFFA /* _ReadingCollectionItemTag.h */ = {isa = PBXFileReference; fileEncoding = 4; lastKnownFileType = sourcecode.c.h; path = _ReadingCollectionItemTag.h; sourceTree = "<group>"; };
		B19B654119A530BE00EDEFFA /* _ReadingCollectionItemTag.m */ = {isa = PBXFileReference; fileEncoding = 4; lastKnownFileType = sourcecode.c.objc; path = _ReadingCollectionItemTag.m; sourceTree = "<group>"; };
		B19B654219A530BE00EDEFFA /* ReadingCollectionItemTag.h */ = {isa = PBXFileReference; fileEncoding = 4; lastKnownFileType = sourcecode.c.h; path = ReadingCollectionItemTag.h; sourceTree = "<group>"; };
		B19B654319A530BE00EDEFFA /* ReadingCollectionItemTag.m */ = {isa = PBXFileReference; fileEncoding = 4; lastKnownFileType = sourcecode.c.objc; path = ReadingCollectionItemTag.m; sourceTree = "<group>"; };
		B19B654619A535AA00EDEFFA /* Author.h */ = {isa = PBXFileReference; fileEncoding = 4; lastKnownFileType = sourcecode.c.h; path = Author.h; sourceTree = "<group>"; };
		B19B654719A535AA00EDEFFA /* Author.m */ = {isa = PBXFileReference; fileEncoding = 4; lastKnownFileType = sourcecode.c.objc; path = Author.m; sourceTree = "<group>"; };
		B19B654819A535AA00EDEFFA /* AuthorTag.h */ = {isa = PBXFileReference; fileEncoding = 4; lastKnownFileType = sourcecode.c.h; path = AuthorTag.h; sourceTree = "<group>"; };
		B19B654919A535AA00EDEFFA /* AuthorTag.m */ = {isa = PBXFileReference; fileEncoding = 4; lastKnownFileType = sourcecode.c.objc; path = AuthorTag.m; sourceTree = "<group>"; };
		B19B654A19A535AA00EDEFFA /* Book.h */ = {isa = PBXFileReference; fileEncoding = 4; lastKnownFileType = sourcecode.c.h; path = Book.h; sourceTree = "<group>"; };
		B19B654B19A535AA00EDEFFA /* Book.m */ = {isa = PBXFileReference; fileEncoding = 4; lastKnownFileType = sourcecode.c.objc; path = Book.m; sourceTree = "<group>"; };
		B19B654C19A535AA00EDEFFA /* BookLog.h */ = {isa = PBXFileReference; fileEncoding = 4; lastKnownFileType = sourcecode.c.h; path = BookLog.h; sourceTree = "<group>"; };
		B19B654D19A535AA00EDEFFA /* BookLog.m */ = {isa = PBXFileReference; fileEncoding = 4; lastKnownFileType = sourcecode.c.objc; path = BookLog.m; sourceTree = "<group>"; };
		B19B654E19A535AA00EDEFFA /* EBook.h */ = {isa = PBXFileReference; fileEncoding = 4; lastKnownFileType = sourcecode.c.h; path = EBook.h; sourceTree = "<group>"; };
		B19B654F19A535AA00EDEFFA /* EBook.m */ = {isa = PBXFileReference; fileEncoding = 4; lastKnownFileType = sourcecode.c.objc; path = EBook.m; sourceTree = "<group>"; };
		B19B655019A535AA00EDEFFA /* EBookChapter.h */ = {isa = PBXFileReference; fileEncoding = 4; lastKnownFileType = sourcecode.c.h; path = EBookChapter.h; sourceTree = "<group>"; };
		B19B655119A535AA00EDEFFA /* EBookChapter.m */ = {isa = PBXFileReference; fileEncoding = 4; lastKnownFileType = sourcecode.c.objc; path = EBookChapter.m; sourceTree = "<group>"; };
		B19B655219A535AA00EDEFFA /* EBookLog.h */ = {isa = PBXFileReference; fileEncoding = 4; lastKnownFileType = sourcecode.c.h; path = EBookLog.h; sourceTree = "<group>"; };
		B19B655319A535AA00EDEFFA /* EBookLog.m */ = {isa = PBXFileReference; fileEncoding = 4; lastKnownFileType = sourcecode.c.objc; path = EBookLog.m; sourceTree = "<group>"; };
		B19B655B19A535B700EDEFFA /* _Author.h */ = {isa = PBXFileReference; fileEncoding = 4; lastKnownFileType = sourcecode.c.h; path = _Author.h; sourceTree = "<group>"; };
		B19B655C19A535B700EDEFFA /* _Author.m */ = {isa = PBXFileReference; fileEncoding = 4; lastKnownFileType = sourcecode.c.objc; path = _Author.m; sourceTree = "<group>"; };
		B19B655D19A535B700EDEFFA /* _AuthorTag.h */ = {isa = PBXFileReference; fileEncoding = 4; lastKnownFileType = sourcecode.c.h; path = _AuthorTag.h; sourceTree = "<group>"; };
		B19B655E19A535B700EDEFFA /* _AuthorTag.m */ = {isa = PBXFileReference; fileEncoding = 4; lastKnownFileType = sourcecode.c.objc; path = _AuthorTag.m; sourceTree = "<group>"; };
		B19B655F19A535B700EDEFFA /* _Book.h */ = {isa = PBXFileReference; fileEncoding = 4; lastKnownFileType = sourcecode.c.h; path = _Book.h; sourceTree = "<group>"; };
		B19B656019A535B700EDEFFA /* _Book.m */ = {isa = PBXFileReference; fileEncoding = 4; lastKnownFileType = sourcecode.c.objc; path = _Book.m; sourceTree = "<group>"; };
		B19B656119A535B700EDEFFA /* _BookLog.h */ = {isa = PBXFileReference; fileEncoding = 4; lastKnownFileType = sourcecode.c.h; path = _BookLog.h; sourceTree = "<group>"; };
		B19B656219A535B700EDEFFA /* _BookLog.m */ = {isa = PBXFileReference; fileEncoding = 4; lastKnownFileType = sourcecode.c.objc; path = _BookLog.m; sourceTree = "<group>"; };
		B19B656319A535B700EDEFFA /* _EBook.h */ = {isa = PBXFileReference; fileEncoding = 4; lastKnownFileType = sourcecode.c.h; path = _EBook.h; sourceTree = "<group>"; };
		B19B656419A535B700EDEFFA /* _EBook.m */ = {isa = PBXFileReference; fileEncoding = 4; lastKnownFileType = sourcecode.c.objc; path = _EBook.m; sourceTree = "<group>"; };
		B19B656519A535B700EDEFFA /* _EBookChapter.h */ = {isa = PBXFileReference; fileEncoding = 4; lastKnownFileType = sourcecode.c.h; path = _EBookChapter.h; sourceTree = "<group>"; };
		B19B656619A535B700EDEFFA /* _EBookChapter.m */ = {isa = PBXFileReference; fileEncoding = 4; lastKnownFileType = sourcecode.c.objc; path = _EBookChapter.m; sourceTree = "<group>"; };
		B19B656719A535B700EDEFFA /* _EBookLog.h */ = {isa = PBXFileReference; fileEncoding = 4; lastKnownFileType = sourcecode.c.h; path = _EBookLog.h; sourceTree = "<group>"; };
		B19B656819A535B700EDEFFA /* _EBookLog.m */ = {isa = PBXFileReference; fileEncoding = 4; lastKnownFileType = sourcecode.c.objc; path = _EBookLog.m; sourceTree = "<group>"; };
		B19B657019A5368D00EDEFFA /* ReadingLogTableViewController.h */ = {isa = PBXFileReference; fileEncoding = 4; lastKnownFileType = sourcecode.c.h; path = ReadingLogTableViewController.h; sourceTree = "<group>"; };
		B19B657119A5368D00EDEFFA /* ReadingLogTableViewController.m */ = {isa = PBXFileReference; fileEncoding = 4; lastKnownFileType = sourcecode.c.objc; path = ReadingLogTableViewController.m; sourceTree = "<group>"; };
		B19B657519A538D500EDEFFA /* CollectionTableViewController.h */ = {isa = PBXFileReference; fileEncoding = 4; lastKnownFileType = sourcecode.c.h; path = CollectionTableViewController.h; sourceTree = "<group>"; };
		B19B657619A538D500EDEFFA /* CollectionTableViewController.m */ = {isa = PBXFileReference; fileEncoding = 4; lastKnownFileType = sourcecode.c.objc; path = CollectionTableViewController.m; sourceTree = "<group>"; };
		B19B657B19A53B0C00EDEFFA /* MagicalImportFunctions.h */ = {isa = PBXFileReference; fileEncoding = 4; lastKnownFileType = sourcecode.c.h; path = MagicalImportFunctions.h; sourceTree = "<group>"; };
		B19B657C19A53B0C00EDEFFA /* MagicalImportFunctions.m */ = {isa = PBXFileReference; fileEncoding = 4; lastKnownFileType = sourcecode.c.objc; path = MagicalImportFunctions.m; sourceTree = "<group>"; };
		B19B657D19A53B0C00EDEFFA /* NSAttributeDescription+MagicalDataImport.h */ = {isa = PBXFileReference; fileEncoding = 4; lastKnownFileType = sourcecode.c.h; path = "NSAttributeDescription+MagicalDataImport.h"; sourceTree = "<group>"; };
		B19B657E19A53B0C00EDEFFA /* NSAttributeDescription+MagicalDataImport.m */ = {isa = PBXFileReference; fileEncoding = 4; lastKnownFileType = sourcecode.c.objc; path = "NSAttributeDescription+MagicalDataImport.m"; sourceTree = "<group>"; };
		B19B657F19A53B0C00EDEFFA /* NSEntityDescription+MagicalDataImport.h */ = {isa = PBXFileReference; fileEncoding = 4; lastKnownFileType = sourcecode.c.h; path = "NSEntityDescription+MagicalDataImport.h"; sourceTree = "<group>"; };
		B19B658019A53B0C00EDEFFA /* NSEntityDescription+MagicalDataImport.m */ = {isa = PBXFileReference; fileEncoding = 4; lastKnownFileType = sourcecode.c.objc; path = "NSEntityDescription+MagicalDataImport.m"; sourceTree = "<group>"; };
		B19B658119A53B0C00EDEFFA /* NSNumber+MagicalDataImport.h */ = {isa = PBXFileReference; fileEncoding = 4; lastKnownFileType = sourcecode.c.h; path = "NSNumber+MagicalDataImport.h"; sourceTree = "<group>"; };
		B19B658219A53B0C00EDEFFA /* NSNumber+MagicalDataImport.m */ = {isa = PBXFileReference; fileEncoding = 4; lastKnownFileType = sourcecode.c.objc; path = "NSNumber+MagicalDataImport.m"; sourceTree = "<group>"; };
		B19B658319A53B0C00EDEFFA /* NSObject+MagicalDataImport.h */ = {isa = PBXFileReference; fileEncoding = 4; lastKnownFileType = sourcecode.c.h; path = "NSObject+MagicalDataImport.h"; sourceTree = "<group>"; };
		B19B658419A53B0C00EDEFFA /* NSObject+MagicalDataImport.m */ = {isa = PBXFileReference; fileEncoding = 4; lastKnownFileType = sourcecode.c.objc; path = "NSObject+MagicalDataImport.m"; sourceTree = "<group>"; };
		B19B658519A53B0C00EDEFFA /* NSRelationshipDescription+MagicalDataImport.h */ = {isa = PBXFileReference; fileEncoding = 4; lastKnownFileType = sourcecode.c.h; path = "NSRelationshipDescription+MagicalDataImport.h"; sourceTree = "<group>"; };
		B19B658619A53B0C00EDEFFA /* NSRelationshipDescription+MagicalDataImport.m */ = {isa = PBXFileReference; fileEncoding = 4; lastKnownFileType = sourcecode.c.objc; path = "NSRelationshipDescription+MagicalDataImport.m"; sourceTree = "<group>"; };
		B19B658719A53B0C00EDEFFA /* NSString+MagicalDataImport.h */ = {isa = PBXFileReference; fileEncoding = 4; lastKnownFileType = sourcecode.c.h; path = "NSString+MagicalDataImport.h"; sourceTree = "<group>"; };
		B19B658819A53B0C00EDEFFA /* NSString+MagicalDataImport.m */ = {isa = PBXFileReference; fileEncoding = 4; lastKnownFileType = sourcecode.c.objc; path = "NSString+MagicalDataImport.m"; sourceTree = "<group>"; };
		B19B658A19A53B0C00EDEFFA /* NSManagedObject+MagicalAggregation.h */ = {isa = PBXFileReference; fileEncoding = 4; lastKnownFileType = sourcecode.c.h; path = "NSManagedObject+MagicalAggregation.h"; sourceTree = "<group>"; };
		B19B658B19A53B0C00EDEFFA /* NSManagedObject+MagicalAggregation.m */ = {isa = PBXFileReference; fileEncoding = 4; lastKnownFileType = sourcecode.c.objc; path = "NSManagedObject+MagicalAggregation.m"; sourceTree = "<group>"; };
		B19B658C19A53B0C00EDEFFA /* NSManagedObject+MagicalDataImport.h */ = {isa = PBXFileReference; fileEncoding = 4; lastKnownFileType = sourcecode.c.h; path = "NSManagedObject+MagicalDataImport.h"; sourceTree = "<group>"; };
		B19B658D19A53B0C00EDEFFA /* NSManagedObject+MagicalDataImport.m */ = {isa = PBXFileReference; fileEncoding = 4; lastKnownFileType = sourcecode.c.objc; path = "NSManagedObject+MagicalDataImport.m"; sourceTree = "<group>"; };
		B19B658E19A53B0C00EDEFFA /* NSManagedObject+MagicalFinders.h */ = {isa = PBXFileReference; fileEncoding = 4; lastKnownFileType = sourcecode.c.h; path = "NSManagedObject+MagicalFinders.h"; sourceTree = "<group>"; };
		B19B658F19A53B0C00EDEFFA /* NSManagedObject+MagicalFinders.m */ = {isa = PBXFileReference; fileEncoding = 4; lastKnownFileType = sourcecode.c.objc; path = "NSManagedObject+MagicalFinders.m"; sourceTree = "<group>"; };
		B19B659019A53B0C00EDEFFA /* NSManagedObject+MagicalRecord.h */ = {isa = PBXFileReference; fileEncoding = 4; lastKnownFileType = sourcecode.c.h; path = "NSManagedObject+MagicalRecord.h"; sourceTree = "<group>"; };
		B19B659119A53B0C00EDEFFA /* NSManagedObject+MagicalRecord.m */ = {isa = PBXFileReference; fileEncoding = 4; lastKnownFileType = sourcecode.c.objc; path = "NSManagedObject+MagicalRecord.m"; sourceTree = "<group>"; };
		B19B659219A53B0C00EDEFFA /* NSManagedObject+MagicalRequests.h */ = {isa = PBXFileReference; fileEncoding = 4; lastKnownFileType = sourcecode.c.h; path = "NSManagedObject+MagicalRequests.h"; sourceTree = "<group>"; };
		B19B659319A53B0C00EDEFFA /* NSManagedObject+MagicalRequests.m */ = {isa = PBXFileReference; fileEncoding = 4; lastKnownFileType = sourcecode.c.objc; path = "NSManagedObject+MagicalRequests.m"; sourceTree = "<group>"; };
		B19B659519A53B0C00EDEFFA /* NSManagedObjectContext+MagicalObserving.h */ = {isa = PBXFileReference; fileEncoding = 4; lastKnownFileType = sourcecode.c.h; path = "NSManagedObjectContext+MagicalObserving.h"; sourceTree = "<group>"; };
		B19B659619A53B0C00EDEFFA /* NSManagedObjectContext+MagicalObserving.m */ = {isa = PBXFileReference; fileEncoding = 4; lastKnownFileType = sourcecode.c.objc; path = "NSManagedObjectContext+MagicalObserving.m"; sourceTree = "<group>"; };
		B19B659719A53B0C00EDEFFA /* NSManagedObjectContext+MagicalRecord.h */ = {isa = PBXFileReference; fileEncoding = 4; lastKnownFileType = sourcecode.c.h; path = "NSManagedObjectContext+MagicalRecord.h"; sourceTree = "<group>"; };
		B19B659819A53B0C00EDEFFA /* NSManagedObjectContext+MagicalRecord.m */ = {isa = PBXFileReference; fileEncoding = 4; lastKnownFileType = sourcecode.c.objc; path = "NSManagedObjectContext+MagicalRecord.m"; sourceTree = "<group>"; };
		B19B659919A53B0C00EDEFFA /* NSManagedObjectContext+MagicalSaves.h */ = {isa = PBXFileReference; fileEncoding = 4; lastKnownFileType = sourcecode.c.h; path = "NSManagedObjectContext+MagicalSaves.h"; sourceTree = "<group>"; };
		B19B659A19A53B0C00EDEFFA /* NSManagedObjectContext+MagicalSaves.m */ = {isa = PBXFileReference; fileEncoding = 4; lastKnownFileType = sourcecode.c.objc; path = "NSManagedObjectContext+MagicalSaves.m"; sourceTree = "<group>"; };
		B19B659B19A53B0C00EDEFFA /* NSManagedObjectContext+MagicalThreading.h */ = {isa = PBXFileReference; fileEncoding = 4; lastKnownFileType = sourcecode.c.h; path = "NSManagedObjectContext+MagicalThreading.h"; sourceTree = "<group>"; };
		B19B659C19A53B0C00EDEFFA /* NSManagedObjectContext+MagicalThreading.m */ = {isa = PBXFileReference; fileEncoding = 4; lastKnownFileType = sourcecode.c.objc; path = "NSManagedObjectContext+MagicalThreading.m"; sourceTree = "<group>"; };
		B19B659D19A53B0C00EDEFFA /* NSManagedObjectModel+MagicalRecord.h */ = {isa = PBXFileReference; fileEncoding = 4; lastKnownFileType = sourcecode.c.h; path = "NSManagedObjectModel+MagicalRecord.h"; sourceTree = "<group>"; };
		B19B659E19A53B0C00EDEFFA /* NSManagedObjectModel+MagicalRecord.m */ = {isa = PBXFileReference; fileEncoding = 4; lastKnownFileType = sourcecode.c.objc; path = "NSManagedObjectModel+MagicalRecord.m"; sourceTree = "<group>"; };
		B19B659F19A53B0C00EDEFFA /* NSPersistentStore+MagicalRecord.h */ = {isa = PBXFileReference; fileEncoding = 4; lastKnownFileType = sourcecode.c.h; path = "NSPersistentStore+MagicalRecord.h"; sourceTree = "<group>"; };
		B19B65A019A53B0C00EDEFFA /* NSPersistentStore+MagicalRecord.m */ = {isa = PBXFileReference; fileEncoding = 4; lastKnownFileType = sourcecode.c.objc; path = "NSPersistentStore+MagicalRecord.m"; sourceTree = "<group>"; };
		B19B65A119A53B0C00EDEFFA /* NSPersistentStoreCoordinator+MagicalRecord.h */ = {isa = PBXFileReference; fileEncoding = 4; lastKnownFileType = sourcecode.c.h; path = "NSPersistentStoreCoordinator+MagicalRecord.h"; sourceTree = "<group>"; };
		B19B65A219A53B0C00EDEFFA /* NSPersistentStoreCoordinator+MagicalRecord.m */ = {isa = PBXFileReference; fileEncoding = 4; lastKnownFileType = sourcecode.c.objc; path = "NSPersistentStoreCoordinator+MagicalRecord.m"; sourceTree = "<group>"; };
		B19B65A419A53B0C00EDEFFA /* MagicalRecord+Actions.h */ = {isa = PBXFileReference; fileEncoding = 4; lastKnownFileType = sourcecode.c.h; path = "MagicalRecord+Actions.h"; sourceTree = "<group>"; };
		B19B65A519A53B0C00EDEFFA /* MagicalRecord+Actions.m */ = {isa = PBXFileReference; fileEncoding = 4; lastKnownFileType = sourcecode.c.objc; path = "MagicalRecord+Actions.m"; sourceTree = "<group>"; };
		B19B65A619A53B0C00EDEFFA /* MagicalRecord+ErrorHandling.h */ = {isa = PBXFileReference; fileEncoding = 4; lastKnownFileType = sourcecode.c.h; path = "MagicalRecord+ErrorHandling.h"; sourceTree = "<group>"; };
		B19B65A719A53B0C00EDEFFA /* MagicalRecord+ErrorHandling.m */ = {isa = PBXFileReference; fileEncoding = 4; lastKnownFileType = sourcecode.c.objc; path = "MagicalRecord+ErrorHandling.m"; sourceTree = "<group>"; };
		B19B65A819A53B0C00EDEFFA /* MagicalRecord+iCloud.h */ = {isa = PBXFileReference; fileEncoding = 4; lastKnownFileType = sourcecode.c.h; path = "MagicalRecord+iCloud.h"; sourceTree = "<group>"; };
		B19B65A919A53B0C00EDEFFA /* MagicalRecord+iCloud.m */ = {isa = PBXFileReference; fileEncoding = 4; lastKnownFileType = sourcecode.c.objc; path = "MagicalRecord+iCloud.m"; sourceTree = "<group>"; };
		B19B65AA19A53B0C00EDEFFA /* MagicalRecord+Options.h */ = {isa = PBXFileReference; fileEncoding = 4; lastKnownFileType = sourcecode.c.h; path = "MagicalRecord+Options.h"; sourceTree = "<group>"; };
		B19B65AB19A53B0C00EDEFFA /* MagicalRecord+Options.m */ = {isa = PBXFileReference; fileEncoding = 4; lastKnownFileType = sourcecode.c.objc; path = "MagicalRecord+Options.m"; sourceTree = "<group>"; };
		B19B65AC19A53B0C00EDEFFA /* MagicalRecord+Setup.h */ = {isa = PBXFileReference; fileEncoding = 4; lastKnownFileType = sourcecode.c.h; path = "MagicalRecord+Setup.h"; sourceTree = "<group>"; };
		B19B65AD19A53B0C00EDEFFA /* MagicalRecord+Setup.m */ = {isa = PBXFileReference; fileEncoding = 4; lastKnownFileType = sourcecode.c.objc; path = "MagicalRecord+Setup.m"; sourceTree = "<group>"; };
		B19B65AE19A53B0C00EDEFFA /* MagicalRecord+ShorthandSupport.h */ = {isa = PBXFileReference; fileEncoding = 4; lastKnownFileType = sourcecode.c.h; path = "MagicalRecord+ShorthandSupport.h"; sourceTree = "<group>"; };
		B19B65AF19A53B0C00EDEFFA /* MagicalRecord+ShorthandSupport.m */ = {isa = PBXFileReference; fileEncoding = 4; lastKnownFileType = sourcecode.c.objc; path = "MagicalRecord+ShorthandSupport.m"; sourceTree = "<group>"; };
		B19B65B019A53B0C00EDEFFA /* MagicalRecord.h */ = {isa = PBXFileReference; fileEncoding = 4; lastKnownFileType = sourcecode.c.h; path = MagicalRecord.h; sourceTree = "<group>"; };
		B19B65B119A53B0C00EDEFFA /* MagicalRecord.m */ = {isa = PBXFileReference; fileEncoding = 4; lastKnownFileType = sourcecode.c.objc; path = MagicalRecord.m; sourceTree = "<group>"; };
		B19B65B219A53B0C00EDEFFA /* MagicalRecordDeprecated.h */ = {isa = PBXFileReference; fileEncoding = 4; lastKnownFileType = sourcecode.c.h; path = MagicalRecordDeprecated.h; sourceTree = "<group>"; };
		B19B65B319A53B0C00EDEFFA /* MagicalRecordLogging.h */ = {isa = PBXFileReference; fileEncoding = 4; lastKnownFileType = sourcecode.c.h; path = MagicalRecordLogging.h; sourceTree = "<group>"; };
		B19B65B419A53B0C00EDEFFA /* MagicalRecordShorthand.h */ = {isa = PBXFileReference; fileEncoding = 4; lastKnownFileType = sourcecode.c.h; path = MagicalRecordShorthand.h; sourceTree = "<group>"; };
		B19B65B519A53B0C00EDEFFA /* CoreData+MagicalRecord.h */ = {isa = PBXFileReference; fileEncoding = 4; lastKnownFileType = sourcecode.c.h; path = "CoreData+MagicalRecord.h"; sourceTree = "<group>"; };
		B19B65D019A53B9100EDEFFA /* ArrayDataSource.h */ = {isa = PBXFileReference; fileEncoding = 4; lastKnownFileType = sourcecode.c.h; path = ArrayDataSource.h; sourceTree = "<group>"; };
		B19B65D119A53B9100EDEFFA /* ArrayDataSource.m */ = {isa = PBXFileReference; fileEncoding = 4; lastKnownFileType = sourcecode.c.objc; path = ArrayDataSource.m; sourceTree = "<group>"; };
		B19B65D219A53B9100EDEFFA /* NSFetchedResultsControllerDataSource.h */ = {isa = PBXFileReference; fileEncoding = 4; lastKnownFileType = sourcecode.c.h; path = NSFetchedResultsControllerDataSource.h; sourceTree = "<group>"; };
		B19B65D319A53B9100EDEFFA /* NSFetchedResultsControllerDataSource.m */ = {isa = PBXFileReference; fileEncoding = 4; lastKnownFileType = sourcecode.c.objc; path = NSFetchedResultsControllerDataSource.m; sourceTree = "<group>"; };
		B19B65D619A53B9F00EDEFFA /* NSFetchedResultsTableViewController.h */ = {isa = PBXFileReference; fileEncoding = 4; lastKnownFileType = sourcecode.c.h; path = NSFetchedResultsTableViewController.h; sourceTree = "<group>"; };
		B19B65D719A53B9F00EDEFFA /* NSFetchedResultsTableViewController.m */ = {isa = PBXFileReference; fileEncoding = 4; lastKnownFileType = sourcecode.c.objc; path = NSFetchedResultsTableViewController.m; sourceTree = "<group>"; };
		B19B65DB19A563B500EDEFFA /* UIImage+IO.h */ = {isa = PBXFileReference; fileEncoding = 4; lastKnownFileType = sourcecode.c.h; path = "UIImage+IO.h"; sourceTree = "<group>"; };
		B19B65DC19A563B500EDEFFA /* UIImage+IO.m */ = {isa = PBXFileReference; fileEncoding = 4; lastKnownFileType = sourcecode.c.objc; path = "UIImage+IO.m"; sourceTree = "<group>"; };
		B1ED5BAF19941EFA001FF3E4 /* Reeder.app */ = {isa = PBXFileReference; explicitFileType = wrapper.application; includeInIndex = 0; path = Reeder.app; sourceTree = BUILT_PRODUCTS_DIR; };
		B1ED5BB219941EFA001FF3E4 /* Foundation.framework */ = {isa = PBXFileReference; lastKnownFileType = wrapper.framework; name = Foundation.framework; path = System/Library/Frameworks/Foundation.framework; sourceTree = SDKROOT; };
		B1ED5BB419941EFA001FF3E4 /* CoreGraphics.framework */ = {isa = PBXFileReference; lastKnownFileType = wrapper.framework; name = CoreGraphics.framework; path = System/Library/Frameworks/CoreGraphics.framework; sourceTree = SDKROOT; };
		B1ED5BB619941EFA001FF3E4 /* UIKit.framework */ = {isa = PBXFileReference; lastKnownFileType = wrapper.framework; name = UIKit.framework; path = System/Library/Frameworks/UIKit.framework; sourceTree = SDKROOT; };
		B1ED5BBA19941EFA001FF3E4 /* Reeder-Info.plist */ = {isa = PBXFileReference; lastKnownFileType = text.plist.xml; path = "Reeder-Info.plist"; sourceTree = "<group>"; };
		B1ED5BBC19941EFA001FF3E4 /* en */ = {isa = PBXFileReference; lastKnownFileType = text.plist.strings; name = en; path = en.lproj/InfoPlist.strings; sourceTree = "<group>"; };
		B1ED5BBE19941EFA001FF3E4 /* main.m */ = {isa = PBXFileReference; lastKnownFileType = sourcecode.c.objc; path = main.m; sourceTree = "<group>"; };
		B1ED5BC019941EFA001FF3E4 /* Reeder-Prefix.pch */ = {isa = PBXFileReference; lastKnownFileType = sourcecode.c.h; path = "Reeder-Prefix.pch"; sourceTree = "<group>"; };
		B1ED5BC119941EFA001FF3E4 /* ReederAppDelegate.h */ = {isa = PBXFileReference; lastKnownFileType = sourcecode.c.h; path = ReederAppDelegate.h; sourceTree = "<group>"; };
		B1ED5BC219941EFA001FF3E4 /* ReederAppDelegate.m */ = {isa = PBXFileReference; lastKnownFileType = sourcecode.c.objc; path = ReederAppDelegate.m; sourceTree = "<group>"; };
		B1ED5BC519941EFA001FF3E4 /* Base */ = {isa = PBXFileReference; lastKnownFileType = file.storyboard; name = Base; path = Base.lproj/Main_iPhone.storyboard; sourceTree = "<group>"; };
		B1ED5BC819941EFA001FF3E4 /* Base */ = {isa = PBXFileReference; lastKnownFileType = file.storyboard; name = Base; path = Base.lproj/Main_iPad.storyboard; sourceTree = "<group>"; };
		B1ED5BCD19941EFA001FF3E4 /* Images.xcassets */ = {isa = PBXFileReference; lastKnownFileType = folder.assetcatalog; path = Images.xcassets; sourceTree = "<group>"; };
		B1ED5BD319941EFA001FF3E4 /* ReederTests.xctest */ = {isa = PBXFileReference; explicitFileType = wrapper.cfbundle; includeInIndex = 0; path = ReederTests.xctest; sourceTree = BUILT_PRODUCTS_DIR; };
		B1ED5BD419941EFA001FF3E4 /* XCTest.framework */ = {isa = PBXFileReference; lastKnownFileType = wrapper.framework; name = XCTest.framework; path = Library/Frameworks/XCTest.framework; sourceTree = DEVELOPER_DIR; };
		B1ED5BDC19941EFA001FF3E4 /* ReederTests-Info.plist */ = {isa = PBXFileReference; lastKnownFileType = text.plist.xml; path = "ReederTests-Info.plist"; sourceTree = "<group>"; };
		B1ED5BDE19941EFA001FF3E4 /* en */ = {isa = PBXFileReference; lastKnownFileType = text.plist.strings; name = en; path = en.lproj/InfoPlist.strings; sourceTree = "<group>"; };
		B1ED5BE019941EFA001FF3E4 /* ReederTests.m */ = {isa = PBXFileReference; lastKnownFileType = sourcecode.c.objc; path = ReederTests.m; sourceTree = "<group>"; };
/* End PBXFileReference section */

/* Begin PBXFrameworksBuildPhase section */
		B1ED5BAC19941EFA001FF3E4 /* Frameworks */ = {
			isa = PBXFrameworksBuildPhase;
			buildActionMask = 2147483647;
			files = (
				B1ED5BB519941EFA001FF3E4 /* CoreGraphics.framework in Frameworks */,
				B1ED5BB719941EFA001FF3E4 /* UIKit.framework in Frameworks */,
				B1ED5BB319941EFA001FF3E4 /* Foundation.framework in Frameworks */,
				514280F4A77A468BB22C95A9 /* libPods.a in Frameworks */,
			);
			runOnlyForDeploymentPostprocessing = 0;
		};
		B1ED5BD019941EFA001FF3E4 /* Frameworks */ = {
			isa = PBXFrameworksBuildPhase;
			buildActionMask = 2147483647;
			files = (
				B1ED5BD519941EFA001FF3E4 /* XCTest.framework in Frameworks */,
				B1ED5BD719941EFA001FF3E4 /* UIKit.framework in Frameworks */,
				B1ED5BD619941EFA001FF3E4 /* Foundation.framework in Frameworks */,
			);
			runOnlyForDeploymentPostprocessing = 0;
		};
/* End PBXFrameworksBuildPhase section */

/* Begin PBXGroup section */
		B19B651F19A52D8000EDEFFA /* Core Data */ = {
			isa = PBXGroup;
			children = (
				B19B653E19A52F6400EDEFFA /* Model */,
				B19B652019A52D9700EDEFFA /* Reeder.xcdatamodeld */,
			);
			name = "Core Data";
			sourceTree = "<group>";
		};
		B19B653E19A52F6400EDEFFA /* Model */ = {
			isa = PBXGroup;
			children = (
				B19B653F19A52F7000EDEFFA /* Generated */,
				B19B654619A535AA00EDEFFA /* Author.h */,
				B19B654719A535AA00EDEFFA /* Author.m */,
				B19B654819A535AA00EDEFFA /* AuthorTag.h */,
				B19B654919A535AA00EDEFFA /* AuthorTag.m */,
				B19B654A19A535AA00EDEFFA /* Book.h */,
				B19B654B19A535AA00EDEFFA /* Book.m */,
				B19B654C19A535AA00EDEFFA /* BookLog.h */,
				B19B654D19A535AA00EDEFFA /* BookLog.m */,
				B19B654E19A535AA00EDEFFA /* EBook.h */,
				B19B654F19A535AA00EDEFFA /* EBook.m */,
				B19B655019A535AA00EDEFFA /* EBookChapter.h */,
				B19B655119A535AA00EDEFFA /* EBookChapter.m */,
				B19B655219A535AA00EDEFFA /* EBookLog.h */,
				B19B655319A535AA00EDEFFA /* EBookLog.m */,
				B19B653219A52F5E00EDEFFA /* ReadingCollectionItem.h */,
				B19B653319A52F5E00EDEFFA /* ReadingCollectionItem.m */,
				B19B653419A52F5E00EDEFFA /* ReadingLog.h */,
				B19B653519A52F5E00EDEFFA /* ReadingLog.m */,
				B19B653619A52F5E00EDEFFA /* ReadingLogTag.h */,
				B19B653719A52F5E00EDEFFA /* ReadingLogTag.m */,
				B19B654219A530BE00EDEFFA /* ReadingCollectionItemTag.h */,
				B19B654319A530BE00EDEFFA /* ReadingCollectionItemTag.m */,
			);
			name = Model;
			sourceTree = "<group>";
		};
		B19B653F19A52F7000EDEFFA /* Generated */ = {
			isa = PBXGroup;
			children = (
				B19B655B19A535B700EDEFFA /* _Author.h */,
				B19B655C19A535B700EDEFFA /* _Author.m */,
				B19B655D19A535B700EDEFFA /* _AuthorTag.h */,
				B19B655E19A535B700EDEFFA /* _AuthorTag.m */,
				B19B655F19A535B700EDEFFA /* _Book.h */,
				B19B656019A535B700EDEFFA /* _Book.m */,
				B19B656119A535B700EDEFFA /* _BookLog.h */,
				B19B656219A535B700EDEFFA /* _BookLog.m */,
				B19B656319A535B700EDEFFA /* _EBook.h */,
				B19B656419A535B700EDEFFA /* _EBook.m */,
				B19B656519A535B700EDEFFA /* _EBookChapter.h */,
				B19B656619A535B700EDEFFA /* _EBookChapter.m */,
				B19B656719A535B700EDEFFA /* _EBookLog.h */,
				B19B656819A535B700EDEFFA /* _EBookLog.m */,
				B19B654019A530BE00EDEFFA /* _ReadingCollectionItemTag.h */,
				B19B654119A530BE00EDEFFA /* _ReadingCollectionItemTag.m */,
				B19B652C19A52F5E00EDEFFA /* _ReadingCollectionItem.h */,
				B19B652D19A52F5E00EDEFFA /* _ReadingCollectionItem.m */,
				B19B652E19A52F5E00EDEFFA /* _ReadingLog.h */,
				B19B652F19A52F5E00EDEFFA /* _ReadingLog.m */,
				B19B653019A52F5E00EDEFFA /* _ReadingLogTag.h */,
				B19B653119A52F5E00EDEFFA /* _ReadingLogTag.m */,
			);
			name = Generated;
			sourceTree = "<group>";
		};
		B19B657319A538B900EDEFFA /* Reading Log */ = {
			isa = PBXGroup;
			children = (
				B19B657019A5368D00EDEFFA /* ReadingLogTableViewController.h */,
				B19B657119A5368D00EDEFFA /* ReadingLogTableViewController.m */,
			);
			name = "Reading Log";
			sourceTree = "<group>";
		};
		B19B657419A538C300EDEFFA /* Collection */ = {
			isa = PBXGroup;
			children = (
				B19B657519A538D500EDEFFA /* CollectionTableViewController.h */,
				B19B657619A538D500EDEFFA /* CollectionTableViewController.m */,
			);
			name = Collection;
			sourceTree = "<group>";
		};
		B19B657819A53B0C00EDEFFA /* MagicalRecord */ = {
			isa = PBXGroup;
			children = (
				B19B657919A53B0C00EDEFFA /* Categories */,
				B19B65A319A53B0C00EDEFFA /* Core */,
				B19B65B519A53B0C00EDEFFA /* CoreData+MagicalRecord.h */,
			);
			path = MagicalRecord;
			sourceTree = "<group>";
		};
		B19B657919A53B0C00EDEFFA /* Categories */ = {
			isa = PBXGroup;
			children = (
				B19B657A19A53B0C00EDEFFA /* DataImport */,
				B19B658919A53B0C00EDEFFA /* NSManagedObject */,
				B19B659419A53B0C00EDEFFA /* NSManagedObjectContext */,
				B19B659D19A53B0C00EDEFFA /* NSManagedObjectModel+MagicalRecord.h */,
				B19B659E19A53B0C00EDEFFA /* NSManagedObjectModel+MagicalRecord.m */,
				B19B659F19A53B0C00EDEFFA /* NSPersistentStore+MagicalRecord.h */,
				B19B65A019A53B0C00EDEFFA /* NSPersistentStore+MagicalRecord.m */,
				B19B65A119A53B0C00EDEFFA /* NSPersistentStoreCoordinator+MagicalRecord.h */,
				B19B65A219A53B0C00EDEFFA /* NSPersistentStoreCoordinator+MagicalRecord.m */,
			);
			path = Categories;
			sourceTree = "<group>";
		};
		B19B657A19A53B0C00EDEFFA /* DataImport */ = {
			isa = PBXGroup;
			children = (
				B19B657B19A53B0C00EDEFFA /* MagicalImportFunctions.h */,
				B19B657C19A53B0C00EDEFFA /* MagicalImportFunctions.m */,
				B19B657D19A53B0C00EDEFFA /* NSAttributeDescription+MagicalDataImport.h */,
				B19B657E19A53B0C00EDEFFA /* NSAttributeDescription+MagicalDataImport.m */,
				B19B657F19A53B0C00EDEFFA /* NSEntityDescription+MagicalDataImport.h */,
				B19B658019A53B0C00EDEFFA /* NSEntityDescription+MagicalDataImport.m */,
				B19B658119A53B0C00EDEFFA /* NSNumber+MagicalDataImport.h */,
				B19B658219A53B0C00EDEFFA /* NSNumber+MagicalDataImport.m */,
				B19B658319A53B0C00EDEFFA /* NSObject+MagicalDataImport.h */,
				B19B658419A53B0C00EDEFFA /* NSObject+MagicalDataImport.m */,
				B19B658519A53B0C00EDEFFA /* NSRelationshipDescription+MagicalDataImport.h */,
				B19B658619A53B0C00EDEFFA /* NSRelationshipDescription+MagicalDataImport.m */,
				B19B658719A53B0C00EDEFFA /* NSString+MagicalDataImport.h */,
				B19B658819A53B0C00EDEFFA /* NSString+MagicalDataImport.m */,
			);
			path = DataImport;
			sourceTree = "<group>";
		};
		B19B658919A53B0C00EDEFFA /* NSManagedObject */ = {
			isa = PBXGroup;
			children = (
				B19B658A19A53B0C00EDEFFA /* NSManagedObject+MagicalAggregation.h */,
				B19B658B19A53B0C00EDEFFA /* NSManagedObject+MagicalAggregation.m */,
				B19B658C19A53B0C00EDEFFA /* NSManagedObject+MagicalDataImport.h */,
				B19B658D19A53B0C00EDEFFA /* NSManagedObject+MagicalDataImport.m */,
				B19B658E19A53B0C00EDEFFA /* NSManagedObject+MagicalFinders.h */,
				B19B658F19A53B0C00EDEFFA /* NSManagedObject+MagicalFinders.m */,
				B19B659019A53B0C00EDEFFA /* NSManagedObject+MagicalRecord.h */,
				B19B659119A53B0C00EDEFFA /* NSManagedObject+MagicalRecord.m */,
				B19B659219A53B0C00EDEFFA /* NSManagedObject+MagicalRequests.h */,
				B19B659319A53B0C00EDEFFA /* NSManagedObject+MagicalRequests.m */,
			);
			path = NSManagedObject;
			sourceTree = "<group>";
		};
		B19B659419A53B0C00EDEFFA /* NSManagedObjectContext */ = {
			isa = PBXGroup;
			children = (
				B19B659519A53B0C00EDEFFA /* NSManagedObjectContext+MagicalObserving.h */,
				B19B659619A53B0C00EDEFFA /* NSManagedObjectContext+MagicalObserving.m */,
				B19B659719A53B0C00EDEFFA /* NSManagedObjectContext+MagicalRecord.h */,
				B19B659819A53B0C00EDEFFA /* NSManagedObjectContext+MagicalRecord.m */,
				B19B659919A53B0C00EDEFFA /* NSManagedObjectContext+MagicalSaves.h */,
				B19B659A19A53B0C00EDEFFA /* NSManagedObjectContext+MagicalSaves.m */,
				B19B659B19A53B0C00EDEFFA /* NSManagedObjectContext+MagicalThreading.h */,
				B19B659C19A53B0C00EDEFFA /* NSManagedObjectContext+MagicalThreading.m */,
			);
			path = NSManagedObjectContext;
			sourceTree = "<group>";
		};
		B19B65A319A53B0C00EDEFFA /* Core */ = {
			isa = PBXGroup;
			children = (
				B19B65A419A53B0C00EDEFFA /* MagicalRecord+Actions.h */,
				B19B65A519A53B0C00EDEFFA /* MagicalRecord+Actions.m */,
				B19B65A619A53B0C00EDEFFA /* MagicalRecord+ErrorHandling.h */,
				B19B65A719A53B0C00EDEFFA /* MagicalRecord+ErrorHandling.m */,
				B19B65A819A53B0C00EDEFFA /* MagicalRecord+iCloud.h */,
				B19B65A919A53B0C00EDEFFA /* MagicalRecord+iCloud.m */,
				B19B65AA19A53B0C00EDEFFA /* MagicalRecord+Options.h */,
				B19B65AB19A53B0C00EDEFFA /* MagicalRecord+Options.m */,
				B19B65AC19A53B0C00EDEFFA /* MagicalRecord+Setup.h */,
				B19B65AD19A53B0C00EDEFFA /* MagicalRecord+Setup.m */,
				B19B65AE19A53B0C00EDEFFA /* MagicalRecord+ShorthandSupport.h */,
				B19B65AF19A53B0C00EDEFFA /* MagicalRecord+ShorthandSupport.m */,
				B19B65B019A53B0C00EDEFFA /* MagicalRecord.h */,
				B19B65B119A53B0C00EDEFFA /* MagicalRecord.m */,
				B19B65B219A53B0C00EDEFFA /* MagicalRecordDeprecated.h */,
				B19B65B319A53B0C00EDEFFA /* MagicalRecordLogging.h */,
				B19B65B419A53B0C00EDEFFA /* MagicalRecordShorthand.h */,
			);
			path = Core;
			sourceTree = "<group>";
		};
		B19B65D919A53BA800EDEFFA /* Abstract */ = {
			isa = PBXGroup;
			children = (
				B19B65D619A53B9F00EDEFFA /* NSFetchedResultsTableViewController.h */,
				B19B65D719A53B9F00EDEFFA /* NSFetchedResultsTableViewController.m */,
			);
			name = Abstract;
			sourceTree = "<group>";
		};
		B19B65DA19A53BAE00EDEFFA /* Data Sources */ = {
			isa = PBXGroup;
			children = (
				B19B65D019A53B9100EDEFFA /* ArrayDataSource.h */,
				B19B65D119A53B9100EDEFFA /* ArrayDataSource.m */,
				B19B65D219A53B9100EDEFFA /* NSFetchedResultsControllerDataSource.h */,
				B19B65D319A53B9100EDEFFA /* NSFetchedResultsControllerDataSource.m */,
			);
			name = "Data Sources";
			sourceTree = "<group>";
		};
		B19B65DE19A563BA00EDEFFA /* Categories */ = {
			isa = PBXGroup;
			children = (
				B19B65DB19A563B500EDEFFA /* UIImage+IO.h */,
				B19B65DC19A563B500EDEFFA /* UIImage+IO.m */,
			);
			name = Categories;
			sourceTree = "<group>";
		};
		B1ED5BA619941EFA001FF3E4 = {
			isa = PBXGroup;
			children = (
				B1ED5BB819941EFA001FF3E4 /* Reeder */,
				B1ED5BDA19941EFA001FF3E4 /* ReederTests */,
				B1ED5BB119941EFA001FF3E4 /* Frameworks */,
				B1ED5BB019941EFA001FF3E4 /* Products */,
				052CE53FE93E4B6C96C43EC2 /* Pods.xcconfig */,
			);
			sourceTree = "<group>";
		};
		B1ED5BB019941EFA001FF3E4 /* Products */ = {
			isa = PBXGroup;
			children = (
				B1ED5BAF19941EFA001FF3E4 /* Reeder.app */,
				B1ED5BD319941EFA001FF3E4 /* ReederTests.xctest */,
			);
			name = Products;
			sourceTree = "<group>";
		};
		B1ED5BB119941EFA001FF3E4 /* Frameworks */ = {
			isa = PBXGroup;
			children = (
				B1ED5BB219941EFA001FF3E4 /* Foundation.framework */,
				B1ED5BB419941EFA001FF3E4 /* CoreGraphics.framework */,
				B1ED5BB619941EFA001FF3E4 /* UIKit.framework */,
				B1ED5BD419941EFA001FF3E4 /* XCTest.framework */,
				65955AF44FFD48B0A51F2D58 /* libPods.a */,
			);
			name = Frameworks;
			sourceTree = "<group>";
		};
		B1ED5BB819941EFA001FF3E4 /* Reeder */ = {
			isa = PBXGroup;
			children = (
				B1ED5BC119941EFA001FF3E4 /* ReederAppDelegate.h */,
				B1ED5BC219941EFA001FF3E4 /* ReederAppDelegate.m */,
				B19B65DE19A563BA00EDEFFA /* Categories */,
				B19B651F19A52D8000EDEFFA /* Core Data */,
				B1ED5BEA19941F05001FF3E4 /* View */,
				B1ED5BEB19941F0D001FF3E4 /* Controller */,
				B1ED5BCD19941EFA001FF3E4 /* Images.xcassets */,
				B1ED5BB919941EFA001FF3E4 /* Supporting Files */,
			);
			path = Reeder;
			sourceTree = "<group>";
		};
		B1ED5BB919941EFA001FF3E4 /* Supporting Files */ = {
			isa = PBXGroup;
			children = (
				B19B657819A53B0C00EDEFFA /* MagicalRecord */,
				B1ED5BBA19941EFA001FF3E4 /* Reeder-Info.plist */,
				B1ED5BBB19941EFA001FF3E4 /* InfoPlist.strings */,
				B1ED5BBE19941EFA001FF3E4 /* main.m */,
				B1ED5BC019941EFA001FF3E4 /* Reeder-Prefix.pch */,
			);
			name = "Supporting Files";
			sourceTree = "<group>";
		};
		B1ED5BDA19941EFA001FF3E4 /* ReederTests */ = {
			isa = PBXGroup;
			children = (
				B1ED5BE019941EFA001FF3E4 /* ReederTests.m */,
				B1ED5BDB19941EFA001FF3E4 /* Supporting Files */,
			);
			path = ReederTests;
			sourceTree = "<group>";
		};
		B1ED5BDB19941EFA001FF3E4 /* Supporting Files */ = {
			isa = PBXGroup;
			children = (
				B1ED5BDC19941EFA001FF3E4 /* ReederTests-Info.plist */,
				B1ED5BDD19941EFA001FF3E4 /* InfoPlist.strings */,
			);
			name = "Supporting Files";
			sourceTree = "<group>";
		};
		B1ED5BEA19941F05001FF3E4 /* View */ = {
			isa = PBXGroup;
			children = (
				B1ED5BC419941EFA001FF3E4 /* Main_iPhone.storyboard */,
				B1ED5BC719941EFA001FF3E4 /* Main_iPad.storyboard */,
			);
			name = View;
			sourceTree = "<group>";
		};
		B1ED5BEB19941F0D001FF3E4 /* Controller */ = {
			isa = PBXGroup;
			children = (
				B19B65D919A53BA800EDEFFA /* Abstract */,
				B19B65DA19A53BAE00EDEFFA /* Data Sources */,
				B19B657319A538B900EDEFFA /* Reading Log */,
				B19B657419A538C300EDEFFA /* Collection */,
			);
			name = Controller;
			sourceTree = "<group>";
		};
/* End PBXGroup section */

/* Begin PBXNativeTarget section */
		B1ED5BAE19941EFA001FF3E4 /* Reeder */ = {
			isa = PBXNativeTarget;
			buildConfigurationList = B1ED5BE419941EFA001FF3E4 /* Build configuration list for PBXNativeTarget "Reeder" */;
			buildPhases = (
				0469B15CD20042E0805D5AC9 /* Check Pods Manifest.lock */,
				B1ED5BAB19941EFA001FF3E4 /* Sources */,
				B1ED5BAC19941EFA001FF3E4 /* Frameworks */,
				B1ED5BAD19941EFA001FF3E4 /* Resources */,
				02100E242E094DA382964B75 /* Copy Pods Resources */,
			);
			buildRules = (
			);
			dependencies = (
			);
			name = Reeder;
			productName = Reeder;
			productReference = B1ED5BAF19941EFA001FF3E4 /* Reeder.app */;
			productType = "com.apple.product-type.application";
		};
		B1ED5BD219941EFA001FF3E4 /* ReederTests */ = {
			isa = PBXNativeTarget;
			buildConfigurationList = B1ED5BE719941EFA001FF3E4 /* Build configuration list for PBXNativeTarget "ReederTests" */;
			buildPhases = (
				B1ED5BCF19941EFA001FF3E4 /* Sources */,
				B1ED5BD019941EFA001FF3E4 /* Frameworks */,
				B1ED5BD119941EFA001FF3E4 /* Resources */,
			);
			buildRules = (
			);
			dependencies = (
				B1ED5BD919941EFA001FF3E4 /* PBXTargetDependency */,
			);
			name = ReederTests;
			productName = ReederTests;
			productReference = B1ED5BD319941EFA001FF3E4 /* ReederTests.xctest */;
			productType = "com.apple.product-type.bundle.unit-test";
		};
/* End PBXNativeTarget section */

/* Begin PBXProject section */
		B1ED5BA719941EFA001FF3E4 /* Project object */ = {
			isa = PBXProject;
			attributes = {
				CLASSPREFIX = Reeder;
				LastUpgradeCheck = 0510;
				ORGANIZATIONNAME = "Phil Nichols";
				TargetAttributes = {
					B1ED5BD219941EFA001FF3E4 = {
						TestTargetID = B1ED5BAE19941EFA001FF3E4;
					};
				};
			};
			buildConfigurationList = B1ED5BAA19941EFA001FF3E4 /* Build configuration list for PBXProject "Reeder" */;
			compatibilityVersion = "Xcode 3.2";
			developmentRegion = English;
			hasScannedForEncodings = 0;
			knownRegions = (
				en,
				Base,
			);
			mainGroup = B1ED5BA619941EFA001FF3E4;
			productRefGroup = B1ED5BB019941EFA001FF3E4 /* Products */;
			projectDirPath = "";
			projectRoot = "";
			targets = (
				B1ED5BAE19941EFA001FF3E4 /* Reeder */,
				B1ED5BD219941EFA001FF3E4 /* ReederTests */,
				B19B652719A52F2400EDEFFA /* Mogenerator */,
			);
		};
/* End PBXProject section */

/* Begin PBXResourcesBuildPhase section */
		B1ED5BAD19941EFA001FF3E4 /* Resources */ = {
			isa = PBXResourcesBuildPhase;
			buildActionMask = 2147483647;
			files = (
				B1ED5BC919941EFA001FF3E4 /* Main_iPad.storyboard in Resources */,
				B1ED5BCE19941EFA001FF3E4 /* Images.xcassets in Resources */,
				B1ED5BC619941EFA001FF3E4 /* Main_iPhone.storyboard in Resources */,
				B1ED5BBD19941EFA001FF3E4 /* InfoPlist.strings in Resources */,
			);
			runOnlyForDeploymentPostprocessing = 0;
		};
		B1ED5BD119941EFA001FF3E4 /* Resources */ = {
			isa = PBXResourcesBuildPhase;
			buildActionMask = 2147483647;
			files = (
				B1ED5BDF19941EFA001FF3E4 /* InfoPlist.strings in Resources */,
			);
			runOnlyForDeploymentPostprocessing = 0;
		};
/* End PBXResourcesBuildPhase section */

/* Begin PBXShellScriptBuildPhase section */
		02100E242E094DA382964B75 /* Copy Pods Resources */ = {
			isa = PBXShellScriptBuildPhase;
			buildActionMask = 2147483647;
			files = (
			);
			inputPaths = (
			);
			name = "Copy Pods Resources";
			outputPaths = (
			);
			runOnlyForDeploymentPostprocessing = 0;
			shellPath = /bin/sh;
			shellScript = "\"${SRCROOT}/Pods/Pods-resources.sh\"\n";
			showEnvVarsInLog = 0;
		};
		0469B15CD20042E0805D5AC9 /* Check Pods Manifest.lock */ = {
			isa = PBXShellScriptBuildPhase;
			buildActionMask = 2147483647;
			files = (
			);
			inputPaths = (
			);
			name = "Check Pods Manifest.lock";
			outputPaths = (
			);
			runOnlyForDeploymentPostprocessing = 0;
			shellPath = /bin/sh;
			shellScript = "diff \"${PODS_ROOT}/../Podfile.lock\" \"${PODS_ROOT}/Manifest.lock\" > /dev/null\nif [[ $? != 0 ]] ; then\n    cat << EOM\nerror: The sandbox is not in sync with the Podfile.lock. Run 'pod install' or update your CocoaPods installation.\nEOM\n    exit 1\nfi\n";
			showEnvVarsInLog = 0;
		};
		B19B652B19A52F3000EDEFFA /* ShellScript */ = {
			isa = PBXShellScriptBuildPhase;
			buildActionMask = 2147483647;
			files = (
			);
			inputPaths = (
			);
			outputPaths = (
			);
			runOnlyForDeploymentPostprocessing = 0;
			shellPath = /bin/sh;
			shellScript = "if [ \"${CONFIGURATION}\" == \"Debug\" ]; then\necho \"Running Mogenerator\"\nmogenerator -m Reeder/Reeder.xcdatamodeld/Reeder.xcdatamodel -O Reeder --template-var arc=true\necho \"Finished Mogenerator\"\nelse\necho \"Skipping Mogenerator\"\nfi";
		};
/* End PBXShellScriptBuildPhase section */

/* Begin PBXSourcesBuildPhase section */
		B1ED5BAB19941EFA001FF3E4 /* Sources */ = {
			isa = PBXSourcesBuildPhase;
			buildActionMask = 2147483647;
			files = (
				B19B653B19A52F5E00EDEFFA /* ReadingCollectionItem.m in Sources */,
				B19B653919A52F5E00EDEFFA /* _ReadingLog.m in Sources */,
				B19B655819A535AA00EDEFFA /* EBook.m in Sources */,
				B19B65C419A53B0C00EDEFFA /* NSManagedObjectContext+MagicalSaves.m in Sources */,
				B19B65BB19A53B0C00EDEFFA /* NSRelationshipDescription+MagicalDataImport.m in Sources */,
				B19B65B719A53B0C00EDEFFA /* NSAttributeDescription+MagicalDataImport.m in Sources */,
				B19B655419A535AA00EDEFFA /* Author.m in Sources */,
				B19B65C219A53B0C00EDEFFA /* NSManagedObjectContext+MagicalObserving.m in Sources */,
				B19B65B919A53B0C00EDEFFA /* NSNumber+MagicalDataImport.m in Sources */,
				B19B654519A530BE00EDEFFA /* ReadingCollectionItemTag.m in Sources */,
				B19B652219A52D9700EDEFFA /* Reeder.xcdatamodeld in Sources */,
				B19B65C719A53B0C00EDEFFA /* NSPersistentStore+MagicalRecord.m in Sources */,
				B19B656B19A535B700EDEFFA /* _Book.m in Sources */,
				B19B657219A5368D00EDEFFA /* ReadingLogTableViewController.m in Sources */,
				B19B656C19A535B700EDEFFA /* _BookLog.m in Sources */,
				B19B653C19A52F5E00EDEFFA /* ReadingLog.m in Sources */,
				B19B65D519A53B9100EDEFFA /* NSFetchedResultsControllerDataSource.m in Sources */,
				B19B654419A530BE00EDEFFA /* _ReadingCollectionItemTag.m in Sources */,
				B19B653A19A52F5E00EDEFFA /* _ReadingLogTag.m in Sources */,
				B19B65D419A53B9100EDEFFA /* ArrayDataSource.m in Sources */,
				B19B65BF19A53B0C00EDEFFA /* NSManagedObject+MagicalFinders.m in Sources */,
				B19B656A19A535B700EDEFFA /* _AuthorTag.m in Sources */,
				B19B655519A535AA00EDEFFA /* AuthorTag.m in Sources */,
				B19B65C919A53B0C00EDEFFA /* MagicalRecord+Actions.m in Sources */,
				B19B655919A535AA00EDEFFA /* EBookChapter.m in Sources */,
				B19B655719A535AA00EDEFFA /* BookLog.m in Sources */,
				B1ED5BBF19941EFA001FF3E4 /* main.m in Sources */,
				B19B65C019A53B0C00EDEFFA /* NSManagedObject+MagicalRecord.m in Sources */,
				B19B65CE19A53B0C00EDEFFA /* MagicalRecord+ShorthandSupport.m in Sources */,
				B19B65C119A53B0C00EDEFFA /* NSManagedObject+MagicalRequests.m in Sources */,
				B19B65CD19A53B0C00EDEFFA /* MagicalRecord+Setup.m in Sources */,
				B19B656E19A535B700EDEFFA /* _EBookChapter.m in Sources */,
				B19B65C519A53B0C00EDEFFA /* NSManagedObjectContext+MagicalThreading.m in Sources */,
				B1ED5BC319941EFA001FF3E4 /* ReederAppDelegate.m in Sources */,
				B19B653819A52F5E00EDEFFA /* _ReadingCollectionItem.m in Sources */,
				B19B65C319A53B0C00EDEFFA /* NSManagedObjectContext+MagicalRecord.m in Sources */,
				B19B65CC19A53B0C00EDEFFA /* MagicalRecord+Options.m in Sources */,
				B19B65D819A53B9F00EDEFFA /* NSFetchedResultsTableViewController.m in Sources */,
				B19B655A19A535AA00EDEFFA /* EBookLog.m in Sources */,
				B19B65CB19A53B0C00EDEFFA /* MagicalRecord+iCloud.m in Sources */,
				B19B65C819A53B0C00EDEFFA /* NSPersistentStoreCoordinator+MagicalRecord.m in Sources */,
				B19B65B819A53B0C00EDEFFA /* NSEntityDescription+MagicalDataImport.m in Sources */,
				B19B657719A538D500EDEFFA /* CollectionTableViewController.m in Sources */,
				B19B65DD19A563B500EDEFFA /* UIImage+IO.m in Sources */,
				B19B655619A535AA00EDEFFA /* Book.m in Sources */,
				B19B65BC19A53B0C00EDEFFA /* NSString+MagicalDataImport.m in Sources */,
				B19B656D19A535B700EDEFFA /* _EBook.m in Sources */,
				B19B65BD19A53B0C00EDEFFA /* NSManagedObject+MagicalAggregation.m in Sources */,
				B19B656F19A535B700EDEFFA /* _EBookLog.m in Sources */,
				B19B65B619A53B0C00EDEFFA /* MagicalImportFunctions.m in Sources */,
				B19B65BA19A53B0C00EDEFFA /* NSObject+MagicalDataImport.m in Sources */,
				B19B65BE19A53B0C00EDEFFA /* NSManagedObject+MagicalDataImport.m in Sources */,
				B19B65C619A53B0C00EDEFFA /* NSManagedObjectModel+MagicalRecord.m in Sources */,
				B19B653D19A52F5E00EDEFFA /* ReadingLogTag.m in Sources */,
				B19B656919A535B700EDEFFA /* _Author.m in Sources */,
				B19B65CF19A53B0C00EDEFFA /* MagicalRecord.m in Sources */,
				B19B65CA19A53B0C00EDEFFA /* MagicalRecord+ErrorHandling.m in Sources */,
			);
			runOnlyForDeploymentPostprocessing = 0;
		};
		B1ED5BCF19941EFA001FF3E4 /* Sources */ = {
			isa = PBXSourcesBuildPhase;
			buildActionMask = 2147483647;
			files = (
				B1ED5BE119941EFA001FF3E4 /* ReederTests.m in Sources */,
			);
			runOnlyForDeploymentPostprocessing = 0;
		};
/* End PBXSourcesBuildPhase section */

/* Begin PBXTargetDependency section */
		B1ED5BD919941EFA001FF3E4 /* PBXTargetDependency */ = {
			isa = PBXTargetDependency;
			target = B1ED5BAE19941EFA001FF3E4 /* Reeder */;
			targetProxy = B1ED5BD819941EFA001FF3E4 /* PBXContainerItemProxy */;
		};
/* End PBXTargetDependency section */

/* Begin PBXVariantGroup section */
		B1ED5BBB19941EFA001FF3E4 /* InfoPlist.strings */ = {
			isa = PBXVariantGroup;
			children = (
				B1ED5BBC19941EFA001FF3E4 /* en */,
			);
			name = InfoPlist.strings;
			sourceTree = "<group>";
		};
		B1ED5BC419941EFA001FF3E4 /* Main_iPhone.storyboard */ = {
			isa = PBXVariantGroup;
			children = (
				B1ED5BC519941EFA001FF3E4 /* Base */,
			);
			name = Main_iPhone.storyboard;
			sourceTree = "<group>";
		};
		B1ED5BC719941EFA001FF3E4 /* Main_iPad.storyboard */ = {
			isa = PBXVariantGroup;
			children = (
				B1ED5BC819941EFA001FF3E4 /* Base */,
			);
			name = Main_iPad.storyboard;
			sourceTree = "<group>";
		};
		B1ED5BDD19941EFA001FF3E4 /* InfoPlist.strings */ = {
			isa = PBXVariantGroup;
			children = (
				B1ED5BDE19941EFA001FF3E4 /* en */,
			);
			name = InfoPlist.strings;
			sourceTree = "<group>";
		};
/* End PBXVariantGroup section */

/* Begin XCBuildConfiguration section */
		B19B652919A52F2400EDEFFA /* Debug */ = {
			isa = XCBuildConfiguration;
			buildSettings = {
				PRODUCT_NAME = "$(TARGET_NAME)";
			};
			name = Debug;
		};
		B19B652A19A52F2400EDEFFA /* Release */ = {
			isa = XCBuildConfiguration;
			buildSettings = {
				PRODUCT_NAME = "$(TARGET_NAME)";
			};
			name = Release;
		};
		B1ED5BE219941EFA001FF3E4 /* Debug */ = {
			isa = XCBuildConfiguration;
			buildSettings = {
				ALWAYS_SEARCH_USER_PATHS = NO;
				CLANG_CXX_LANGUAGE_STANDARD = "gnu++0x";
				CLANG_CXX_LIBRARY = "libc++";
				CLANG_ENABLE_MODULES = YES;
				CLANG_ENABLE_OBJC_ARC = YES;
				CLANG_WARN_BOOL_CONVERSION = YES;
				CLANG_WARN_CONSTANT_CONVERSION = YES;
				CLANG_WARN_DIRECT_OBJC_ISA_USAGE = YES_ERROR;
				CLANG_WARN_EMPTY_BODY = YES;
				CLANG_WARN_ENUM_CONVERSION = YES;
				CLANG_WARN_INT_CONVERSION = YES;
				CLANG_WARN_OBJC_ROOT_CLASS = YES_ERROR;
				CLANG_WARN__DUPLICATE_METHOD_MATCH = YES;
				"CODE_SIGN_IDENTITY[sdk=iphoneos*]" = "iPhone Developer";
				COPY_PHASE_STRIP = NO;
				GCC_C_LANGUAGE_STANDARD = gnu99;
				GCC_DYNAMIC_NO_PIC = NO;
				GCC_OPTIMIZATION_LEVEL = 0;
				GCC_PREPROCESSOR_DEFINITIONS = (
					"DEBUG=1",
					"$(inherited)",
				);
				GCC_SYMBOLS_PRIVATE_EXTERN = NO;
				GCC_WARN_64_TO_32_BIT_CONVERSION = YES;
				GCC_WARN_ABOUT_RETURN_TYPE = YES_ERROR;
				GCC_WARN_UNDECLARED_SELECTOR = YES;
				GCC_WARN_UNINITIALIZED_AUTOS = YES_AGGRESSIVE;
				GCC_WARN_UNUSED_FUNCTION = YES;
				GCC_WARN_UNUSED_VARIABLE = YES;
				IPHONEOS_DEPLOYMENT_TARGET = 7.1;
				ONLY_ACTIVE_ARCH = YES;
				SDKROOT = iphoneos;
				TARGETED_DEVICE_FAMILY = "1,2";
			};
			name = Debug;
		};
		B1ED5BE319941EFA001FF3E4 /* Release */ = {
			isa = XCBuildConfiguration;
			buildSettings = {
				ALWAYS_SEARCH_USER_PATHS = NO;
				CLANG_CXX_LANGUAGE_STANDARD = "gnu++0x";
				CLANG_CXX_LIBRARY = "libc++";
				CLANG_ENABLE_MODULES = YES;
				CLANG_ENABLE_OBJC_ARC = YES;
				CLANG_WARN_BOOL_CONVERSION = YES;
				CLANG_WARN_CONSTANT_CONVERSION = YES;
				CLANG_WARN_DIRECT_OBJC_ISA_USAGE = YES_ERROR;
				CLANG_WARN_EMPTY_BODY = YES;
				CLANG_WARN_ENUM_CONVERSION = YES;
				CLANG_WARN_INT_CONVERSION = YES;
				CLANG_WARN_OBJC_ROOT_CLASS = YES_ERROR;
				CLANG_WARN__DUPLICATE_METHOD_MATCH = YES;
				"CODE_SIGN_IDENTITY[sdk=iphoneos*]" = "iPhone Developer";
				COPY_PHASE_STRIP = YES;
				ENABLE_NS_ASSERTIONS = NO;
				GCC_C_LANGUAGE_STANDARD = gnu99;
				GCC_WARN_64_TO_32_BIT_CONVERSION = YES;
				GCC_WARN_ABOUT_RETURN_TYPE = YES_ERROR;
				GCC_WARN_UNDECLARED_SELECTOR = YES;
				GCC_WARN_UNINITIALIZED_AUTOS = YES_AGGRESSIVE;
				GCC_WARN_UNUSED_FUNCTION = YES;
				GCC_WARN_UNUSED_VARIABLE = YES;
				IPHONEOS_DEPLOYMENT_TARGET = 7.1;
				SDKROOT = iphoneos;
				TARGETED_DEVICE_FAMILY = "1,2";
				VALIDATE_PRODUCT = YES;
			};
			name = Release;
		};
		B1ED5BE519941EFA001FF3E4 /* Debug */ = {
			isa = XCBuildConfiguration;
			baseConfigurationReference = 052CE53FE93E4B6C96C43EC2 /* Pods.xcconfig */;
			buildSettings = {
				ASSETCATALOG_COMPILER_APPICON_NAME = AppIcon;
				ASSETCATALOG_COMPILER_LAUNCHIMAGE_NAME = LaunchImage;
				GCC_PRECOMPILE_PREFIX_HEADER = YES;
				GCC_PREFIX_HEADER = "Reeder/Reeder-Prefix.pch";
				INFOPLIST_FILE = "Reeder/Reeder-Info.plist";
				PRODUCT_NAME = "$(TARGET_NAME)";
				TARGETED_DEVICE_FAMILY = 1;
				WRAPPER_EXTENSION = app;
			};
			name = Debug;
		};
		B1ED5BE619941EFA001FF3E4 /* Release */ = {
			isa = XCBuildConfiguration;
			baseConfigurationReference = 052CE53FE93E4B6C96C43EC2 /* Pods.xcconfig */;
			buildSettings = {
				ASSETCATALOG_COMPILER_APPICON_NAME = AppIcon;
				ASSETCATALOG_COMPILER_LAUNCHIMAGE_NAME = LaunchImage;
				GCC_PRECOMPILE_PREFIX_HEADER = YES;
				GCC_PREFIX_HEADER = "Reeder/Reeder-Prefix.pch";
				INFOPLIST_FILE = "Reeder/Reeder-Info.plist";
				PRODUCT_NAME = "$(TARGET_NAME)";
				TARGETED_DEVICE_FAMILY = 1;
				WRAPPER_EXTENSION = app;
			};
			name = Release;
		};
		B1ED5BE819941EFA001FF3E4 /* Debug */ = {
			isa = XCBuildConfiguration;
			buildSettings = {
				BUNDLE_LOADER = "$(BUILT_PRODUCTS_DIR)/Reeder.app/Reeder";
				FRAMEWORK_SEARCH_PATHS = (
					"$(SDKROOT)/Developer/Library/Frameworks",
					"$(inherited)",
					"$(DEVELOPER_FRAMEWORKS_DIR)",
				);
				GCC_PRECOMPILE_PREFIX_HEADER = YES;
				GCC_PREFIX_HEADER = "Reeder/Reeder-Prefix.pch";
				GCC_PREPROCESSOR_DEFINITIONS = (
					"DEBUG=1",
					"$(inherited)",
				);
				INFOPLIST_FILE = "ReederTests/ReederTests-Info.plist";
				PRODUCT_NAME = "$(TARGET_NAME)";
				TEST_HOST = "$(BUNDLE_LOADER)";
				WRAPPER_EXTENSION = xctest;
			};
			name = Debug;
		};
		B1ED5BE919941EFA001FF3E4 /* Release */ = {
			isa = XCBuildConfiguration;
			buildSettings = {
				BUNDLE_LOADER = "$(BUILT_PRODUCTS_DIR)/Reeder.app/Reeder";
				FRAMEWORK_SEARCH_PATHS = (
					"$(SDKROOT)/Developer/Library/Frameworks",
					"$(inherited)",
					"$(DEVELOPER_FRAMEWORKS_DIR)",
				);
				GCC_PRECOMPILE_PREFIX_HEADER = YES;
				GCC_PREFIX_HEADER = "Reeder/Reeder-Prefix.pch";
				INFOPLIST_FILE = "ReederTests/ReederTests-Info.plist";
				PRODUCT_NAME = "$(TARGET_NAME)";
				TEST_HOST = "$(BUNDLE_LOADER)";
				WRAPPER_EXTENSION = xctest;
			};
			name = Release;
		};
/* End XCBuildConfiguration section */

/* Begin XCConfigurationList section */
		B19B652819A52F2400EDEFFA /* Build configuration list for PBXAggregateTarget "Mogenerator" */ = {
			isa = XCConfigurationList;
			buildConfigurations = (
				B19B652919A52F2400EDEFFA /* Debug */,
				B19B652A19A52F2400EDEFFA /* Release */,
			);
			defaultConfigurationIsVisible = 0;
			defaultConfigurationName = Release;
		};
		B1ED5BAA19941EFA001FF3E4 /* Build configuration list for PBXProject "Reeder" */ = {
			isa = XCConfigurationList;
			buildConfigurations = (
				B1ED5BE219941EFA001FF3E4 /* Debug */,
				B1ED5BE319941EFA001FF3E4 /* Release */,
			);
			defaultConfigurationIsVisible = 0;
			defaultConfigurationName = Release;
		};
		B1ED5BE419941EFA001FF3E4 /* Build configuration list for PBXNativeTarget "Reeder" */ = {
			isa = XCConfigurationList;
			buildConfigurations = (
				B1ED5BE519941EFA001FF3E4 /* Debug */,
				B1ED5BE619941EFA001FF3E4 /* Release */,
			);
			defaultConfigurationIsVisible = 0;
			defaultConfigurationName = Release;
		};
		B1ED5BE719941EFA001FF3E4 /* Build configuration list for PBXNativeTarget "ReederTests" */ = {
			isa = XCConfigurationList;
			buildConfigurations = (
				B1ED5BE819941EFA001FF3E4 /* Debug */,
				B1ED5BE919941EFA001FF3E4 /* Release */,
			);
			defaultConfigurationIsVisible = 0;
			defaultConfigurationName = Release;
		};
/* End XCConfigurationList section */

/* Begin XCVersionGroup section */
		B19B652019A52D9700EDEFFA /* Reeder.xcdatamodeld */ = {
			isa = XCVersionGroup;
			children = (
				B19B652119A52D9700EDEFFA /* Reeder.xcdatamodel */,
			);
			currentVersion = B19B652119A52D9700EDEFFA /* Reeder.xcdatamodel */;
			path = Reeder.xcdatamodeld;
			sourceTree = "<group>";
			versionGroupType = wrapper.xcdatamodel;
		};
/* End XCVersionGroup section */
	};
	rootObject = B1ED5BA719941EFA001FF3E4 /* Project object */;
}
